// !$*UTF8*$!
{
	archiveVersion = 1;
	classes = {
	};
	objectVersion = 46;
	objects = {

/* Begin PBXBuildFile section */
		AA0EAE181BB1DD6500BC9835 /* Graphics.atlas in Resources */ = {isa = PBXBuildFile; fileRef = AA0EAE171BB1DD6500BC9835 /* Graphics.atlas */; };
		AA0EAE1B1BB1EBA400BC9835 /* TPPlane.m in Sources */ = {isa = PBXBuildFile; fileRef = AA0EAE1A1BB1EBA400BC9835 /* TPPlane.m */; };
		AA1AC2291BB3043D00D2C07B /* PlaneAnimations.plist in Resources */ = {isa = PBXBuildFile; fileRef = AA1AC2281BB3043D00D2C07B /* PlaneAnimations.plist */; };
		AA246CC61BB03B5C004C4081 /* main.m in Sources */ = {isa = PBXBuildFile; fileRef = AA246CC51BB03B5C004C4081 /* main.m */; };
		AA246CC91BB03B5C004C4081 /* AppDelegate.m in Sources */ = {isa = PBXBuildFile; fileRef = AA246CC81BB03B5C004C4081 /* AppDelegate.m */; };
		AA246CD11BB03B5C004C4081 /* GameViewController.m in Sources */ = {isa = PBXBuildFile; fileRef = AA246CD01BB03B5C004C4081 /* GameViewController.m */; };
		AA246CD41BB03B5C004C4081 /* Main.storyboard in Resources */ = {isa = PBXBuildFile; fileRef = AA246CD21BB03B5C004C4081 /* Main.storyboard */; };
		AA246CD61BB03B5C004C4081 /* Images.xcassets in Resources */ = {isa = PBXBuildFile; fileRef = AA246CD51BB03B5C004C4081 /* Images.xcassets */; };
		AA246CD91BB03B5C004C4081 /* LaunchScreen.xib in Resources */ = {isa = PBXBuildFile; fileRef = AA246CD71BB03B5C004C4081 /* LaunchScreen.xib */; };
		AA246CE51BB03B5D004C4081 /* tappyPlaneTests.m in Sources */ = {isa = PBXBuildFile; fileRef = AA246CE41BB03B5D004C4081 /* tappyPlaneTests.m */; };
		AA246CF01BB03BE9004C4081 /* TPGameScene.m in Sources */ = {isa = PBXBuildFile; fileRef = AA246CEF1BB03BE9004C4081 /* TPGameScene.m */; };
		AA246CF21BB03E7B004C4081 /* Entitlements.plist in Resources */ = {isa = PBXBuildFile; fileRef = AA246CF11BB03E7B004C4081 /* Entitlements.plist */; };
		AA3737ED1BB8394200F7AB2E /* PlanePuffTrail.sks in Resources */ = {isa = PBXBuildFile; fileRef = AA3737EB1BB8394200F7AB2E /* PlanePuffTrail.sks */; };
		AA9FB96F1BB5D3AB0071C666 /* Aliens.atlas in Resources */ = {isa = PBXBuildFile; fileRef = AA9FB96E1BB5D3AA0071C666 /* Aliens.atlas */; };
		AA9FB9711BB5D3E30071C666 /* AlienAnimations.plist in Resources */ = {isa = PBXBuildFile; fileRef = AA9FB9701BB5D3E30071C666 /* AlienAnimations.plist */; };
		AA9FB9741BB5D7BA0071C666 /* TPAlien.m in Sources */ = {isa = PBXBuildFile; fileRef = AA9FB9731BB5D7BA0071C666 /* TPAlien.m */; };
		AAD5F0FB1BBAC7AF000D887D /* TPScrollingNode.m in Sources */ = {isa = PBXBuildFile; fileRef = AAD5F0FA1BBAC7AF000D887D /* TPScrollingNode.m */; };
		AAD5F0FE1BBACC1A000D887D /* TPScrollingLayer.m in Sources */ = {isa = PBXBuildFile; fileRef = AAD5F0FD1BBACC1A000D887D /* TPScrollingLayer.m */; };
/* End PBXBuildFile section */

/* Begin PBXContainerItemProxy section */
		AA246CDF1BB03B5D004C4081 /* PBXContainerItemProxy */ = {
			isa = PBXContainerItemProxy;
			containerPortal = AA246CB81BB03B5C004C4081 /* Project object */;
			proxyType = 1;
			remoteGlobalIDString = AA246CBF1BB03B5C004C4081;
			remoteInfo = tappyPlane;
		};
/* End PBXContainerItemProxy section */

/* Begin PBXFileReference section */
		AA0EAE171BB1DD6500BC9835 /* Graphics.atlas */ = {isa = PBXFileReference; lastKnownFileType = folder.skatlas; path = Graphics.atlas; sourceTree = "<group>"; };
		AA0EAE191BB1EBA400BC9835 /* TPPlane.h */ = {isa = PBXFileReference; fileEncoding = 4; lastKnownFileType = sourcecode.c.h; path = TPPlane.h; sourceTree = "<group>"; };
		AA0EAE1A1BB1EBA400BC9835 /* TPPlane.m */ = {isa = PBXFileReference; fileEncoding = 4; lastKnownFileType = sourcecode.c.objc; path = TPPlane.m; sourceTree = "<group>"; };
		AA1AC2281BB3043D00D2C07B /* PlaneAnimations.plist */ = {isa = PBXFileReference; fileEncoding = 4; lastKnownFileType = text.plist.xml; path = PlaneAnimations.plist; sourceTree = "<group>"; };
		AA246CC01BB03B5C004C4081 /* tappyPlane.app */ = {isa = PBXFileReference; explicitFileType = wrapper.application; includeInIndex = 0; path = tappyPlane.app; sourceTree = BUILT_PRODUCTS_DIR; };
		AA246CC41BB03B5C004C4081 /* Info.plist */ = {isa = PBXFileReference; lastKnownFileType = text.plist.xml; path = Info.plist; sourceTree = "<group>"; };
		AA246CC51BB03B5C004C4081 /* main.m */ = {isa = PBXFileReference; lastKnownFileType = sourcecode.c.objc; path = main.m; sourceTree = "<group>"; };
		AA246CC71BB03B5C004C4081 /* AppDelegate.h */ = {isa = PBXFileReference; lastKnownFileType = sourcecode.c.h; path = AppDelegate.h; sourceTree = "<group>"; };
		AA246CC81BB03B5C004C4081 /* AppDelegate.m */ = {isa = PBXFileReference; lastKnownFileType = sourcecode.c.objc; path = AppDelegate.m; sourceTree = "<group>"; };
		AA246CCF1BB03B5C004C4081 /* GameViewController.h */ = {isa = PBXFileReference; lastKnownFileType = sourcecode.c.h; path = GameViewController.h; sourceTree = "<group>"; };
		AA246CD01BB03B5C004C4081 /* GameViewController.m */ = {isa = PBXFileReference; lastKnownFileType = sourcecode.c.objc; path = GameViewController.m; sourceTree = "<group>"; };
		AA246CD31BB03B5C004C4081 /* Base */ = {isa = PBXFileReference; lastKnownFileType = file.storyboard; name = Base; path = Base.lproj/Main.storyboard; sourceTree = "<group>"; };
		AA246CD51BB03B5C004C4081 /* Images.xcassets */ = {isa = PBXFileReference; lastKnownFileType = folder.assetcatalog; path = Images.xcassets; sourceTree = "<group>"; };
		AA246CD81BB03B5C004C4081 /* Base */ = {isa = PBXFileReference; lastKnownFileType = file.xib; name = Base; path = Base.lproj/LaunchScreen.xib; sourceTree = "<group>"; };
		AA246CDE1BB03B5D004C4081 /* tappyPlaneTests.xctest */ = {isa = PBXFileReference; explicitFileType = wrapper.cfbundle; includeInIndex = 0; path = tappyPlaneTests.xctest; sourceTree = BUILT_PRODUCTS_DIR; };
		AA246CE31BB03B5D004C4081 /* Info.plist */ = {isa = PBXFileReference; lastKnownFileType = text.plist.xml; path = Info.plist; sourceTree = "<group>"; };
		AA246CE41BB03B5D004C4081 /* tappyPlaneTests.m */ = {isa = PBXFileReference; lastKnownFileType = sourcecode.c.objc; path = tappyPlaneTests.m; sourceTree = "<group>"; };
		AA246CEE1BB03BE9004C4081 /* TPGameScene.h */ = {isa = PBXFileReference; fileEncoding = 4; lastKnownFileType = sourcecode.c.h; path = TPGameScene.h; sourceTree = "<group>"; };
		AA246CEF1BB03BE9004C4081 /* TPGameScene.m */ = {isa = PBXFileReference; fileEncoding = 4; lastKnownFileType = sourcecode.c.objc; path = TPGameScene.m; sourceTree = "<group>"; };
		AA246CF11BB03E7B004C4081 /* Entitlements.plist */ = {isa = PBXFileReference; fileEncoding = 4; lastKnownFileType = text.plist.xml; name = Entitlements.plist; path = ../Entitlements.plist; sourceTree = "<group>"; };
		AA3737EB1BB8394200F7AB2E /* PlanePuffTrail.sks */ = {isa = PBXFileReference; lastKnownFileType = file.sks; path = PlanePuffTrail.sks; sourceTree = "<group>"; };
		AA9FB96E1BB5D3AA0071C666 /* Aliens.atlas */ = {isa = PBXFileReference; lastKnownFileType = folder.skatlas; path = Aliens.atlas; sourceTree = "<group>"; };
		AA9FB9701BB5D3E30071C666 /* AlienAnimations.plist */ = {isa = PBXFileReference; fileEncoding = 4; lastKnownFileType = text.plist.xml; path = AlienAnimations.plist; sourceTree = "<group>"; };
		AA9FB9721BB5D7BA0071C666 /* TPAlien.h */ = {isa = PBXFileReference; fileEncoding = 4; lastKnownFileType = sourcecode.c.h; path = TPAlien.h; sourceTree = "<group>"; };
		AA9FB9731BB5D7BA0071C666 /* TPAlien.m */ = {isa = PBXFileReference; fileEncoding = 4; lastKnownFileType = sourcecode.c.objc; path = TPAlien.m; sourceTree = "<group>"; };
		AAD5F0F91BBAC7AF000D887D /* TPScrollingNode.h */ = {isa = PBXFileReference; fileEncoding = 4; lastKnownFileType = sourcecode.c.h; path = TPScrollingNode.h; sourceTree = "<group>"; };
		AAD5F0FA1BBAC7AF000D887D /* TPScrollingNode.m */ = {isa = PBXFileReference; fileEncoding = 4; lastKnownFileType = sourcecode.c.objc; path = TPScrollingNode.m; sourceTree = "<group>"; };
		AAD5F0FC1BBACC1A000D887D /* TPScrollingLayer.h */ = {isa = PBXFileReference; fileEncoding = 4; lastKnownFileType = sourcecode.c.h; path = TPScrollingLayer.h; sourceTree = "<group>"; };
		AAD5F0FD1BBACC1A000D887D /* TPScrollingLayer.m */ = {isa = PBXFileReference; fileEncoding = 4; lastKnownFileType = sourcecode.c.objc; path = TPScrollingLayer.m; sourceTree = "<group>"; };
/* End PBXFileReference section */

/* Begin PBXFrameworksBuildPhase section */
		AA246CBD1BB03B5C004C4081 /* Frameworks */ = {
			isa = PBXFrameworksBuildPhase;
			buildActionMask = 2147483647;
			files = (
			);
			runOnlyForDeploymentPostprocessing = 0;
		};
		AA246CDB1BB03B5D004C4081 /* Frameworks */ = {
			isa = PBXFrameworksBuildPhase;
			buildActionMask = 2147483647;
			files = (
			);
			runOnlyForDeploymentPostprocessing = 0;
		};
/* End PBXFrameworksBuildPhase section */

/* Begin PBXGroup section */
		AA1AC22A1BB3098B00D2C07B /* Resources */ = {
			isa = PBXGroup;
			children = (
				AA1AC2281BB3043D00D2C07B /* PlaneAnimations.plist */,
				AA9FB9701BB5D3E30071C666 /* AlienAnimations.plist */,
			);
			name = Resources;
			sourceTree = "<group>";
		};
		AA246CB71BB03B5C004C4081 = {
			isa = PBXGroup;
			children = (
				AA246CC21BB03B5C004C4081 /* tappyPlane */,
				AA246CE11BB03B5D004C4081 /* tappyPlaneTests */,
				AA246CC11BB03B5C004C4081 /* Products */,
			);
			sourceTree = "<group>";
		};
		AA246CC11BB03B5C004C4081 /* Products */ = {
			isa = PBXGroup;
			children = (
				AA246CC01BB03B5C004C4081 /* tappyPlane.app */,
				AA246CDE1BB03B5D004C4081 /* tappyPlaneTests.xctest */,
			);
			name = Products;
			sourceTree = "<group>";
		};
		AA246CC21BB03B5C004C4081 /* tappyPlane */ = {
			isa = PBXGroup;
			children = (
				AA3737EA1BB838FA00F7AB2E /* Particle Effects */,
				AA9FB96E1BB5D3AA0071C666 /* Aliens.atlas */,
				AA0EAE171BB1DD6500BC9835 /* Graphics.atlas */,
				AA246CC71BB03B5C004C4081 /* AppDelegate.h */,
				AA246CC81BB03B5C004C4081 /* AppDelegate.m */,
				AA246CCF1BB03B5C004C4081 /* GameViewController.h */,
				AA246CD01BB03B5C004C4081 /* GameViewController.m */,
				AA246CEE1BB03BE9004C4081 /* TPGameScene.h */,
				AA246CEF1BB03BE9004C4081 /* TPGameScene.m */,
				AA246CD21BB03B5C004C4081 /* Main.storyboard */,
				AA0EAE191BB1EBA400BC9835 /* TPPlane.h */,
				AA0EAE1A1BB1EBA400BC9835 /* TPPlane.m */,
				AAD5F0F91BBAC7AF000D887D /* TPScrollingNode.h */,
				AAD5F0FA1BBAC7AF000D887D /* TPScrollingNode.m */,
				AAD5F0FC1BBACC1A000D887D /* TPScrollingLayer.h */,
				AAD5F0FD1BBACC1A000D887D /* TPScrollingLayer.m */,
				AA9FB9721BB5D7BA0071C666 /* TPAlien.h */,
				AA9FB9731BB5D7BA0071C666 /* TPAlien.m */,
				AA246CD51BB03B5C004C4081 /* Images.xcassets */,
				AA246CD71BB03B5C004C4081 /* LaunchScreen.xib */,
				AA246CC31BB03B5C004C4081 /* Supporting Files */,
				AA1AC22A1BB3098B00D2C07B /* Resources */,
			);
			path = tappyPlane;
			sourceTree = "<group>";
		};
		AA246CC31BB03B5C004C4081 /* Supporting Files */ = {
			isa = PBXGroup;
			children = (
				AA246CF11BB03E7B004C4081 /* Entitlements.plist */,
				AA246CC41BB03B5C004C4081 /* Info.plist */,
				AA246CC51BB03B5C004C4081 /* main.m */,
			);
			name = "Supporting Files";
			sourceTree = "<group>";
		};
		AA246CE11BB03B5D004C4081 /* tappyPlaneTests */ = {
			isa = PBXGroup;
			children = (
				AA246CE41BB03B5D004C4081 /* tappyPlaneTests.m */,
				AA246CE21BB03B5D004C4081 /* Supporting Files */,
			);
			path = tappyPlaneTests;
			sourceTree = "<group>";
		};
		AA246CE21BB03B5D004C4081 /* Supporting Files */ = {
			isa = PBXGroup;
			children = (
				AA246CE31BB03B5D004C4081 /* Info.plist */,
			);
			name = "Supporting Files";
			sourceTree = "<group>";
		};
		AA3737EA1BB838FA00F7AB2E /* Particle Effects */ = {
			isa = PBXGroup;
			children = (
				AA3737EB1BB8394200F7AB2E /* PlanePuffTrail.sks */,
			);
			name = "Particle Effects";
			sourceTree = "<group>";
		};
/* End PBXGroup section */

/* Begin PBXNativeTarget section */
		AA246CBF1BB03B5C004C4081 /* tappyPlane */ = {
			isa = PBXNativeTarget;
			buildConfigurationList = AA246CE81BB03B5D004C4081 /* Build configuration list for PBXNativeTarget "tappyPlane" */;
			buildPhases = (
				AA246CBC1BB03B5C004C4081 /* Sources */,
				AA246CBD1BB03B5C004C4081 /* Frameworks */,
				AA246CBE1BB03B5C004C4081 /* Resources */,
			);
			buildRules = (
			);
			dependencies = (
			);
			name = tappyPlane;
			productName = tappyPlane;
			productReference = AA246CC01BB03B5C004C4081 /* tappyPlane.app */;
			productType = "com.apple.product-type.application";
		};
		AA246CDD1BB03B5D004C4081 /* tappyPlaneTests */ = {
			isa = PBXNativeTarget;
			buildConfigurationList = AA246CEB1BB03B5D004C4081 /* Build configuration list for PBXNativeTarget "tappyPlaneTests" */;
			buildPhases = (
				AA246CDA1BB03B5D004C4081 /* Sources */,
				AA246CDB1BB03B5D004C4081 /* Frameworks */,
				AA246CDC1BB03B5D004C4081 /* Resources */,
			);
			buildRules = (
			);
			dependencies = (
				AA246CE01BB03B5D004C4081 /* PBXTargetDependency */,
			);
			name = tappyPlaneTests;
			productName = tappyPlaneTests;
			productReference = AA246CDE1BB03B5D004C4081 /* tappyPlaneTests.xctest */;
			productType = "com.apple.product-type.bundle.unit-test";
		};
/* End PBXNativeTarget section */

/* Begin PBXProject section */
		AA246CB81BB03B5C004C4081 /* Project object */ = {
			isa = PBXProject;
			attributes = {
				LastUpgradeCheck = 0700;
				ORGANIZATIONNAME = Fenkins;
				TargetAttributes = {
					AA246CBF1BB03B5C004C4081 = {
						CreatedOnToolsVersion = 6.3.1;
					};
					AA246CDD1BB03B5D004C4081 = {
						CreatedOnToolsVersion = 6.3.1;
						TestTargetID = AA246CBF1BB03B5C004C4081;
					};
				};
			};
			buildConfigurationList = AA246CBB1BB03B5C004C4081 /* Build configuration list for PBXProject "tappyPlane" */;
			compatibilityVersion = "Xcode 3.2";
			developmentRegion = English;
			hasScannedForEncodings = 0;
			knownRegions = (
				en,
				Base,
			);
			mainGroup = AA246CB71BB03B5C004C4081;
			productRefGroup = AA246CC11BB03B5C004C4081 /* Products */;
			projectDirPath = "";
			projectRoot = "";
			targets = (
				AA246CBF1BB03B5C004C4081 /* tappyPlane */,
				AA246CDD1BB03B5D004C4081 /* tappyPlaneTests */,
			);
		};
/* End PBXProject section */

/* Begin PBXResourcesBuildPhase section */
		AA246CBE1BB03B5C004C4081 /* Resources */ = {
			isa = PBXResourcesBuildPhase;
			buildActionMask = 2147483647;
			files = (
				AA246CF21BB03E7B004C4081 /* Entitlements.plist in Resources */,
				AA246CD91BB03B5C004C4081 /* LaunchScreen.xib in Resources */,
				AA3737ED1BB8394200F7AB2E /* PlanePuffTrail.sks in Resources */,
				AA1AC2291BB3043D00D2C07B /* PlaneAnimations.plist in Resources */,
				AA9FB9711BB5D3E30071C666 /* AlienAnimations.plist in Resources */,
				AA9FB96F1BB5D3AB0071C666 /* Aliens.atlas in Resources */,
				AA246CD61BB03B5C004C4081 /* Images.xcassets in Resources */,
				AA0EAE181BB1DD6500BC9835 /* Graphics.atlas in Resources */,
				AA246CD41BB03B5C004C4081 /* Main.storyboard in Resources */,
			);
			runOnlyForDeploymentPostprocessing = 0;
		};
		AA246CDC1BB03B5D004C4081 /* Resources */ = {
			isa = PBXResourcesBuildPhase;
			buildActionMask = 2147483647;
			files = (
			);
			runOnlyForDeploymentPostprocessing = 0;
		};
/* End PBXResourcesBuildPhase section */

/* Begin PBXSourcesBuildPhase section */
		AA246CBC1BB03B5C004C4081 /* Sources */ = {
			isa = PBXSourcesBuildPhase;
			buildActionMask = 2147483647;
			files = (
				AA246CD11BB03B5C004C4081 /* GameViewController.m in Sources */,
				AAD5F0FB1BBAC7AF000D887D /* TPScrollingNode.m in Sources */,
				AA9FB9741BB5D7BA0071C666 /* TPAlien.m in Sources */,
				AAD5F0FE1BBACC1A000D887D /* TPScrollingLayer.m in Sources */,
				AA246CC91BB03B5C004C4081 /* AppDelegate.m in Sources */,
				AA246CC61BB03B5C004C4081 /* main.m in Sources */,
				AA0EAE1B1BB1EBA400BC9835 /* TPPlane.m in Sources */,
				AA246CF01BB03BE9004C4081 /* TPGameScene.m in Sources */,
			);
			runOnlyForDeploymentPostprocessing = 0;
		};
		AA246CDA1BB03B5D004C4081 /* Sources */ = {
			isa = PBXSourcesBuildPhase;
			buildActionMask = 2147483647;
			files = (
				AA246CE51BB03B5D004C4081 /* tappyPlaneTests.m in Sources */,
			);
			runOnlyForDeploymentPostprocessing = 0;
		};
/* End PBXSourcesBuildPhase section */

/* Begin PBXTargetDependency section */
		AA246CE01BB03B5D004C4081 /* PBXTargetDependency */ = {
			isa = PBXTargetDependency;
			target = AA246CBF1BB03B5C004C4081 /* tappyPlane */;
			targetProxy = AA246CDF1BB03B5D004C4081 /* PBXContainerItemProxy */;
		};
/* End PBXTargetDependency section */

/* Begin PBXVariantGroup section */
		AA246CD21BB03B5C004C4081 /* Main.storyboard */ = {
			isa = PBXVariantGroup;
			children = (
				AA246CD31BB03B5C004C4081 /* Base */,
			);
			name = Main.storyboard;
			sourceTree = "<group>";
		};
		AA246CD71BB03B5C004C4081 /* LaunchScreen.xib */ = {
			isa = PBXVariantGroup;
			children = (
				AA246CD81BB03B5C004C4081 /* Base */,
			);
			name = LaunchScreen.xib;
			sourceTree = "<group>";
		};
/* End PBXVariantGroup section */

/* Begin XCBuildConfiguration section */
		AA246CE61BB03B5D004C4081 /* Debug */ = {
			isa = XCBuildConfiguration;
			buildSettings = {
				ALWAYS_SEARCH_USER_PATHS = NO;
				CLANG_CXX_LANGUAGE_STANDARD = "gnu++0x";
				CLANG_CXX_LIBRARY = "libc++";
				CLANG_ENABLE_MODULES = YES;
				CLANG_ENABLE_OBJC_ARC = YES;
				CLANG_WARN_BOOL_CONVERSION = YES;
				CLANG_WARN_CONSTANT_CONVERSION = YES;
				CLANG_WARN_DIRECT_OBJC_ISA_USAGE = YES_ERROR;
				CLANG_WARN_EMPTY_BODY = YES;
				CLANG_WARN_ENUM_CONVERSION = YES;
				CLANG_WARN_INT_CONVERSION = YES;
				CLANG_WARN_OBJC_ROOT_CLASS = YES_ERROR;
				CLANG_WARN_UNREACHABLE_CODE = YES;
				CLANG_WARN__DUPLICATE_METHOD_MATCH = YES;
				CODE_SIGN_ENTITLEMENTS = Entitlements.plist;
				CODE_SIGN_IDENTITY = "-";
				"CODE_SIGN_IDENTITY[sdk=iphoneos*]" = "-";
				COPY_PHASE_STRIP = NO;
				DEBUG_INFORMATION_FORMAT = "dwarf-with-dsym";
				ENABLE_STRICT_OBJC_MSGSEND = YES;
				ENABLE_TESTABILITY = YES;
				GCC_C_LANGUAGE_STANDARD = gnu99;
				GCC_DYNAMIC_NO_PIC = NO;
				GCC_NO_COMMON_BLOCKS = YES;
				GCC_OPTIMIZATION_LEVEL = 0;
				GCC_PREPROCESSOR_DEFINITIONS = (
					"DEBUG=1",
					"$(inherited)",
				);
				GCC_SYMBOLS_PRIVATE_EXTERN = NO;
				GCC_WARN_64_TO_32_BIT_CONVERSION = YES;
				GCC_WARN_ABOUT_RETURN_TYPE = YES_ERROR;
				GCC_WARN_UNDECLARED_SELECTOR = YES;
				GCC_WARN_UNINITIALIZED_AUTOS = YES_AGGRESSIVE;
				GCC_WARN_UNUSED_FUNCTION = YES;
				GCC_WARN_UNUSED_VARIABLE = YES;
				IPHONEOS_DEPLOYMENT_TARGET = 8.1;
				MTL_ENABLE_DEBUG_INFO = YES;
				ONLY_ACTIVE_ARCH = YES;
				SDKROOT = iphoneos;
			};
			name = Debug;
		};
		AA246CE71BB03B5D004C4081 /* Release */ = {
			isa = XCBuildConfiguration;
			buildSettings = {
				ALWAYS_SEARCH_USER_PATHS = NO;
				CLANG_CXX_LANGUAGE_STANDARD = "gnu++0x";
				CLANG_CXX_LIBRARY = "libc++";
				CLANG_ENABLE_MODULES = YES;
				CLANG_ENABLE_OBJC_ARC = YES;
				CLANG_WARN_BOOL_CONVERSION = YES;
				CLANG_WARN_CONSTANT_CONVERSION = YES;
				CLANG_WARN_DIRECT_OBJC_ISA_USAGE = YES_ERROR;
				CLANG_WARN_EMPTY_BODY = YES;
				CLANG_WARN_ENUM_CONVERSION = YES;
				CLANG_WARN_INT_CONVERSION = YES;
				CLANG_WARN_OBJC_ROOT_CLASS = YES_ERROR;
				CLANG_WARN_UNREACHABLE_CODE = YES;
				CLANG_WARN__DUPLICATE_METHOD_MATCH = YES;
				CODE_SIGN_ENTITLEMENTS = Entitlements.plist;
				CODE_SIGN_IDENTITY = "-";
				"CODE_SIGN_IDENTITY[sdk=iphoneos*]" = "-";
				COPY_PHASE_STRIP = NO;
				DEBUG_INFORMATION_FORMAT = "dwarf-with-dsym";
				ENABLE_NS_ASSERTIONS = NO;
				ENABLE_STRICT_OBJC_MSGSEND = YES;
				GCC_C_LANGUAGE_STANDARD = gnu99;
				GCC_NO_COMMON_BLOCKS = YES;
				GCC_WARN_64_TO_32_BIT_CONVERSION = YES;
				GCC_WARN_ABOUT_RETURN_TYPE = YES_ERROR;
				GCC_WARN_UNDECLARED_SELECTOR = YES;
				GCC_WARN_UNINITIALIZED_AUTOS = YES_AGGRESSIVE;
				GCC_WARN_UNUSED_FUNCTION = YES;
				GCC_WARN_UNUSED_VARIABLE = YES;
				IPHONEOS_DEPLOYMENT_TARGET = 8.1;
				MTL_ENABLE_DEBUG_INFO = NO;
				SDKROOT = iphoneos;
				VALIDATE_PRODUCT = YES;
			};
			name = Release;
		};
		AA246CE91BB03B5D004C4081 /* Debug */ = {
			isa = XCBuildConfiguration;
			buildSettings = {
				ASSETCATALOG_COMPILER_APPICON_NAME = AppIcon;
				INFOPLIST_FILE = tappyPlane/Info.plist;
				LD_RUNPATH_SEARCH_PATHS = "$(inherited) @executable_path/Frameworks";
				PRODUCT_BUNDLE_IDENTIFIER = "Yep.$(PRODUCT_NAME:rfc1034identifier)";
				PRODUCT_NAME = "$(TARGET_NAME)";
			};
			name = Debug;
		};
		AA246CEA1BB03B5D004C4081 /* Release */ = {
			isa = XCBuildConfiguration;
			buildSettings = {
				ASSETCATALOG_COMPILER_APPICON_NAME = AppIcon;
				INFOPLIST_FILE = tappyPlane/Info.plist;
				LD_RUNPATH_SEARCH_PATHS = "$(inherited) @executable_path/Frameworks";
				PRODUCT_BUNDLE_IDENTIFIER = "Yep.$(PRODUCT_NAME:rfc1034identifier)";
				PRODUCT_NAME = "$(TARGET_NAME)";
			};
			name = Release;
		};
		AA246CEC1BB03B5D004C4081 /* Debug */ = {
			isa = XCBuildConfiguration;
			buildSettings = {
				BUNDLE_LOADER = "$(TEST_HOST)";
				FRAMEWORK_SEARCH_PATHS = (
					"$(SDKROOT)/Developer/Library/Frameworks",
					"$(inherited)",
				);
				GCC_PREPROCESSOR_DEFINITIONS = (
					"DEBUG=1",
					"$(inherited)",
				);
				INFOPLIST_FILE = tappyPlaneTests/Info.plist;
				LD_RUNPATH_SEARCH_PATHS = "$(inherited) @executable_path/Frameworks @loader_path/Frameworks";
				PRODUCT_BUNDLE_IDENTIFIER = "Yep.$(PRODUCT_NAME:rfc1034identifier)";
				PRODUCT_NAME = "$(TARGET_NAME)";
				TEST_HOST = "$(BUILT_PRODUCTS_DIR)/tappyPlane.app/tappyPlane";
			};
			name = Debug;
		};
		AA246CED1BB03B5D004C4081 /* Release */ = {
			isa = XCBuildConfiguration;
			buildSettings = {
				BUNDLE_LOADER = "$(TEST_HOST)";
				FRAMEWORK_SEARCH_PATHS = (
					"$(SDKROOT)/Developer/Library/Frameworks",
					"$(inherited)",
				);
				INFOPLIST_FILE = tappyPlaneTests/Info.plist;
				LD_RUNPATH_SEARCH_PATHS = "$(inherited) @executable_path/Frameworks @loader_path/Frameworks";
				PRODUCT_BUNDLE_IDENTIFIER = "Yep.$(PRODUCT_NAME:rfc1034identifier)";
				PRODUCT_NAME = "$(TARGET_NAME)";
				TEST_HOST = "$(BUILT_PRODUCTS_DIR)/tappyPlane.app/tappyPlane";
			};
			name = Release;
		};
/* End XCBuildConfiguration section */

/* Begin XCConfigurationList section */
		AA246CBB1BB03B5C004C4081 /* Build configuration list for PBXProject "tappyPlane" */ = {
			isa = XCConfigurationList;
			buildConfigurations = (
				AA246CE61BB03B5D004C4081 /* Debug */,
				AA246CE71BB03B5D004C4081 /* Release */,
			);
			defaultConfigurationIsVisible = 0;
			defaultConfigurationName = Release;
		};
		AA246CE81BB03B5D004C4081 /* Build configuration list for PBXNativeTarget "tappyPlane" */ = {
			isa = XCConfigurationList;
			buildConfigurations = (
				AA246CE91BB03B5D004C4081 /* Debug */,
				AA246CEA1BB03B5D004C4081 /* Release */,
			);
			defaultConfigurationIsVisible = 0;
			defaultConfigurationName = Release;
		};
		AA246CEB1BB03B5D004C4081 /* Build configuration list for PBXNativeTarget "tappyPlaneTests" */ = {
			isa = XCConfigurationList;
			buildConfigurations = (
				AA246CEC1BB03B5D004C4081 /* Debug */,
				AA246CED1BB03B5D004C4081 /* Release */,
			);
			defaultConfigurationIsVisible = 0;
			defaultConfigurationName = Release;
		};
/* End XCConfigurationList section */
	};
	rootObject = AA246CB81BB03B5C004C4081 /* Project object */;
}
